Microsoft Visual Studio Solution File, Format Version 12.00
# Visual Studio 15
VisualStudioVersion = 15.0.28010.2019
MinimumVisualStudioVersion = 10.0.40219.1
Project("{FAE04EC0-301F-11D3-BF4B-00C04F79EFBC}") = "TestXamarinForms.iOS", "TestXamarinForms.iOS\TestXamarinForms.iOS.csproj", "{9B043DAA-8488-439F-A69E-BF26E01035B6}"
EndProject
Project("{9A19103F-16F7-4668-BE54-9A1E7A4F7556}") = "TestXamarinForms", "TestXamarinForms\TestXamarinForms.csproj", "{8E139995-604C-43A2-8D73-3362E529A53F}"
EndProject
Project("{FAE04EC0-301F-11D3-BF4B-00C04F79EFBC}") = "TestXamarinForms.macOS", "TestXamarinForms.macOS\TestXamarinForms.macOS.csproj", "{A6374217-9F51-428C-A2DD-32FC3402EEE5}"
EndProject
Project("{FAE04EC0-301F-11D3-BF4B-00C04F79EFBC}") = "TestXamarinForms.WPF", "TestXamarinForms.WPF\TestXamarinForms.WPF.csproj", "{55A145B8-8218-41FF-ABB8-608346A348D1}"
EndProject
Global
	GlobalSection(SolutionConfigurationPlatforms) = preSolution
		Ad-Hoc|Any CPU = Ad-Hoc|Any CPU
		Ad-Hoc|iPhone = Ad-Hoc|iPhone
		Ad-Hoc|iPhoneSimulator = Ad-Hoc|iPhoneSimulator
		AppStore|Any CPU = AppStore|Any CPU
		AppStore|iPhone = AppStore|iPhone
		AppStore|iPhoneSimulator = AppStore|iPhoneSimulator
		Debug|Any CPU = Debug|Any CPU
		Debug|iPhone = Debug|iPhone
		Debug|iPhoneSimulator = Debug|iPhoneSimulator
		Release|Any CPU = Release|Any CPU
		Release|iPhone = Release|iPhone
		Release|iPhoneSimulator = Release|iPhoneSimulator
	EndGlobalSection
	GlobalSection(ProjectConfigurationPlatforms) = postSolution
		{9B043DAA-8488-439F-A69E-BF26E01035B6}.Ad-Hoc|Any CPU.ActiveCfg = Ad-Hoc|iPhone
		{9B043DAA-8488-439F-A69E-BF26E01035B6}.Ad-Hoc|iPhone.ActiveCfg = Ad-Hoc|iPhone
		{9B043DAA-8488-439F-A69E-BF26E01035B6}.Ad-Hoc|iPhone.Build.0 = Ad-Hoc|iPhone
		{9B043DAA-8488-439F-A69E-BF26E01035B6}.Ad-Hoc|iPhoneSimulator.ActiveCfg = Ad-Hoc|iPhone
		{9B043DAA-8488-439F-A69E-BF26E01035B6}.AppStore|Any CPU.ActiveCfg = AppStore|iPhone
		{9B043DAA-8488-439F-A69E-BF26E01035B6}.AppStore|iPhone.ActiveCfg = AppStore|iPhone
		{9B043DAA-8488-439F-A69E-BF26E01035B6}.AppStore|iPhone.Build.0 = AppStore|iPhone
		{9B043DAA-8488-439F-A69E-BF26E01035B6}.AppStore|iPhoneSimulator.ActiveCfg = AppStore|iPhone
		{9B043DAA-8488-439F-A69E-BF26E01035B6}.Debug|Any CPU.ActiveCfg = Debug|iPhoneSimulator
		{9B043DAA-8488-439F-A69E-BF26E01035B6}.Debug|Any CPU.Build.0 = Debug|iPhoneSimulator
		{9B043DAA-8488-439F-A69E-BF26E01035B6}.Debug|iPhone.ActiveCfg = Debug|iPhone
		{9B043DAA-8488-439F-A69E-BF26E01035B6}.Debug|iPhone.Build.0 = Debug|iPhone
		{9B043DAA-8488-439F-A69E-BF26E01035B6}.Debug|iPhoneSimulator.ActiveCfg = Debug|iPhoneSimulator
		{9B043DAA-8488-439F-A69E-BF26E01035B6}.Debug|iPhoneSimulator.Build.0 = Debug|iPhoneSimulator
		{9B043DAA-8488-439F-A69E-BF26E01035B6}.Release|Any CPU.ActiveCfg = Release|iPhoneSimulator
		{9B043DAA-8488-439F-A69E-BF26E01035B6}.Release|Any CPU.Build.0 = Release|iPhoneSimulator
		{9B043DAA-8488-439F-A69E-BF26E01035B6}.Release|iPhone.ActiveCfg = Release|iPhone
		{9B043DAA-8488-439F-A69E-BF26E01035B6}.Release|iPhone.Build.0 = Release|iPhone
		{9B043DAA-8488-439F-A69E-BF26E01035B6}.Release|iPhoneSimulator.ActiveCfg = Release|iPhoneSimulator
		{9B043DAA-8488-439F-A69E-BF26E01035B6}.Release|iPhoneSimulator.Build.0 = Release|iPhoneSimulator
		{8E139995-604C-43A2-8D73-3362E529A53F}.Ad-Hoc|Any CPU.ActiveCfg = Debug|Any CPU
		{8E139995-604C-43A2-8D73-3362E529A53F}.Ad-Hoc|Any CPU.Build.0 = Debug|Any CPU
		{8E139995-604C-43A2-8D73-3362E529A53F}.Ad-Hoc|iPhone.ActiveCfg = Release|Any CPU
		{8E139995-604C-43A2-8D73-3362E529A53F}.Ad-Hoc|iPhone.Build.0 = Release|Any CPU
		{8E139995-604C-43A2-8D73-3362E529A53F}.Ad-Hoc|iPhoneSimulator.ActiveCfg = Debug|Any CPU
		{8E139995-604C-43A2-8D73-3362E529A53F}.Ad-Hoc|iPhoneSimulator.Build.0 = Debug|Any CPU
		{8E139995-604C-43A2-8D73-3362E529A53F}.AppStore|Any CPU.ActiveCfg = Debug|Any CPU
		{8E139995-604C-43A2-8D73-3362E529A53F}.AppStore|Any CPU.Build.0 = Debug|Any CPU
		{8E139995-604C-43A2-8D73-3362E529A53F}.AppStore|iPhone.ActiveCfg = Release|Any CPU
		{8E139995-604C-43A2-8D73-3362E529A53F}.AppStore|iPhone.Build.0 = Release|Any CPU
		{8E139995-604C-43A2-8D73-3362E529A53F}.AppStore|iPhoneSimulator.ActiveCfg = Debug|Any CPU
		{8E139995-604C-43A2-8D73-3362E529A53F}.AppStore|iPhoneSimulator.Build.0 = Debug|Any CPU
		{8E139995-604C-43A2-8D73-3362E529A53F}.Debug|Any CPU.ActiveCfg = Debug|Any CPU
		{8E139995-604C-43A2-8D73-3362E529A53F}.Debug|Any CPU.Build.0 = Debug|Any CPU
		{8E139995-604C-43A2-8D73-3362E529A53F}.Debug|iPhone.ActiveCfg = Debug|Any CPU
		{8E139995-604C-43A2-8D73-3362E529A53F}.Debug|iPhone.Build.0 = Debug|Any CPU
		{8E139995-604C-43A2-8D73-3362E529A53F}.Debug|iPhoneSimulator.ActiveCfg = Debug|Any CPU
		{8E139995-604C-43A2-8D73-3362E529A53F}.Debug|iPhoneSimulator.Build.0 = Debug|Any CPU
		{8E139995-604C-43A2-8D73-3362E529A53F}.Release|Any CPU.ActiveCfg = Release|Any CPU
		{8E139995-604C-43A2-8D73-3362E529A53F}.Release|Any CPU.Build.0 = Release|Any CPU
		{8E139995-604C-43A2-8D73-3362E529A53F}.Release|iPhone.ActiveCfg = Release|Any CPU
		{8E139995-604C-43A2-8D73-3362E529A53F}.Release|iPhone.Build.0 = Release|Any CPU
		{8E139995-604C-43A2-8D73-3362E529A53F}.Release|iPhoneSimulator.ActiveCfg = Release|Any CPU
		{8E139995-604C-43A2-8D73-3362E529A53F}.Release|iPhoneSimulator.Build.0 = Release|Any CPU
		{A6374217-9F51-428C-A2DD-32FC3402EEE5}.Ad-Hoc|Any CPU.ActiveCfg = Release|iPhoneSimulator
		{A6374217-9F51-428C-A2DD-32FC3402EEE5}.Ad-Hoc|iPhone.ActiveCfg = Debug|iPhoneSimulator
		{A6374217-9F51-428C-A2DD-32FC3402EEE5}.Ad-Hoc|iPhone.Build.0 = Debug|iPhoneSimulator
		{A6374217-9F51-428C-A2DD-32FC3402EEE5}.Ad-Hoc|iPhoneSimulator.ActiveCfg = Release|iPhoneSimulator
		{A6374217-9F51-428C-A2DD-32FC3402EEE5}.AppStore|Any CPU.ActiveCfg = Release|iPhoneSimulator
		{A6374217-9F51-428C-A2DD-32FC3402EEE5}.AppStore|iPhone.ActiveCfg = Debug|iPhoneSimulator
		{A6374217-9F51-428C-A2DD-32FC3402EEE5}.AppStore|iPhone.Build.0 = Debug|iPhoneSimulator
		{A6374217-9F51-428C-A2DD-32FC3402EEE5}.AppStore|iPhoneSimulator.ActiveCfg = Release|iPhoneSimulator
		{A6374217-9F51-428C-A2DD-32FC3402EEE5}.Debug|Any CPU.ActiveCfg = Debug|iPhoneSimulator
		{A6374217-9F51-428C-A2DD-32FC3402EEE5}.Debug|Any CPU.Build.0 = Debug|iPhoneSimulator
		{A6374217-9F51-428C-A2DD-32FC3402EEE5}.Debug|iPhone.ActiveCfg = Debug|iPhoneSimulator
		{A6374217-9F51-428C-A2DD-32FC3402EEE5}.Debug|iPhone.Build.0 = Debug|iPhoneSimulator
		{A6374217-9F51-428C-A2DD-32FC3402EEE5}.Debug|iPhoneSimulator.ActiveCfg = Debug|iPhoneSimulator
		{A6374217-9F51-428C-A2DD-32FC3402EEE5}.Debug|iPhoneSimulator.Build.0 = Debug|iPhoneSimulator
		{A6374217-9F51-428C-A2DD-32FC3402EEE5}.Release|Any CPU.ActiveCfg = Release|iPhoneSimulator
		{A6374217-9F51-428C-A2DD-32FC3402EEE5}.Release|Any CPU.Build.0 = Release|iPhoneSimulator
		{A6374217-9F51-428C-A2DD-32FC3402EEE5}.Release|iPhone.ActiveCfg = Release|iPhoneSimulator
		{A6374217-9F51-428C-A2DD-32FC3402EEE5}.Release|iPhone.Build.0 = Release|iPhoneSimulator
		{A6374217-9F51-428C-A2DD-32FC3402EEE5}.Release|iPhoneSimulator.ActiveCfg = Release|iPhoneSimulator
		{A6374217-9F51-428C-A2DD-32FC3402EEE5}.Release|iPhoneSimulator.Build.0 = Release|iPhoneSimulator
		{55A145B8-8218-41FF-ABB8-608346A348D1}.Ad-Hoc|Any CPU.ActiveCfg = Release|Any CPU
		{55A145B8-8218-41FF-ABB8-608346A348D1}.Ad-Hoc|Any CPU.Build.0 = Release|Any CPU
		{55A145B8-8218-41FF-ABB8-608346A348D1}.Ad-Hoc|iPhone.ActiveCfg = Release|Any CPU
		{55A145B8-8218-41FF-ABB8-608346A348D1}.Ad-Hoc|iPhone.Build.0 = Release|Any CPU
		{55A145B8-8218-41FF-ABB8-608346A348D1}.Ad-Hoc|iPhoneSimulator.ActiveCfg = Release|Any CPU
		{55A145B8-8218-41FF-ABB8-608346A348D1}.Ad-Hoc|iPhoneSimulator.Build.0 = Release|Any CPU
		{55A145B8-8218-41FF-ABB8-608346A348D1}.AppStore|Any CPU.ActiveCfg = Release|Any CPU
		{55A145B8-8218-41FF-ABB8-608346A348D1}.AppStore|Any CPU.Build.0 = Release|Any CPU
		{55A145B8-8218-41FF-ABB8-608346A348D1}.AppStore|iPhone.ActiveCfg = Release|Any CPU
		{55A145B8-8218-41FF-ABB8-608346A348D1}.AppStore|iPhone.Build.0 = Release|Any CPU
		{55A145B8-8218-41FF-ABB8-608346A348D1}.AppStore|iPhoneSimulator.ActiveCfg = Release|Any CPU
		{55A145B8-8218-41FF-ABB8-608346A348D1}.AppStore|iPhoneSimulator.Build.0 = Release|Any CPU
		{55A145B8-8218-41FF-ABB8-608346A348D1}.Debug|Any CPU.ActiveCfg = Debug|Any CPU
		{55A145B8-8218-41FF-ABB8-608346A348D1}.Debug|Any CPU.Build.0 = Debug|Any CPU
		{55A145B8-8218-41FF-ABB8-608346A348D1}.Debug|iPhone.ActiveCfg = Debug|Any CPU
		{55A145B8-8218-41FF-ABB8-608346A348D1}.Debug|iPhone.Build.0 = Debug|Any CPU
		{55A145B8-8218-41FF-ABB8-608346A348D1}.Debug|iPhoneSimulator.ActiveCfg = Debug|Any CPU
		{55A145B8-8218-41FF-ABB8-608346A348D1}.Debug|iPhoneSimulator.Build.0 = Debug|Any CPU
		{55A145B8-8218-41FF-ABB8-608346A348D1}.Release|Any CPU.ActiveCfg = Release|Any CPU
		{55A145B8-8218-41FF-ABB8-608346A348D1}.Release|Any CPU.Build.0 = Release|Any CPU
		{55A145B8-8218-41FF-ABB8-608346A348D1}.Release|iPhone.ActiveCfg = Release|Any CPU
		{55A145B8-8218-41FF-ABB8-608346A348D1}.Release|iPhone.Build.0 = Release|Any CPU
		{55A145B8-8218-41FF-ABB8-608346A348D1}.Release|iPhoneSimulator.ActiveCfg = Release|Any CPU
		{55A145B8-8218-41FF-ABB8-608346A348D1}.Release|iPhoneSimulator.Build.0 = Release|Any CPU
	EndGlobalSection
	GlobalSection(SolutionProperties) = preSolution
		HideSolutionNode = FALSE
	EndGlobalSection
	GlobalSection(ExtensibilityGlobals) = postSolution
		SolutionGuid = {15DB8F7E-4587-44D9-942B-1EDC55458FF7}
	EndGlobalSection
EndGlobal
