
Microsoft Visual Studio Solution File, Format Version 12.00
# Visual Studio 15
Project("{FAE04EC0-301F-11D3-BF4B-00C04F79EFBC}") = "TestXamarinForms.iOS", "TestXamarinForms.iOS\TestXamarinForms.iOS.csproj", "{9B043DAA-8488-439F-A69E-BF26E01035B6}"
EndProject
Project("{FAE04EC0-301F-11D3-BF4B-00C04F79EFBC}") = "TestXamarinForms", "TestXamarinForms\TestXamarinForms.csproj", "{8E139995-604C-43A2-8D73-3362E529A53F}"
EndProject
Project("{FAE04EC0-301F-11D3-BF4B-00C04F79EFBC}") = "TestXamarinForms.macOS", "TestXamarinForms.macOS\TestXamarinForms.macOS.csproj", "{A6374217-9F51-428C-A2DD-32FC3402EEE5}"
EndProject
Global
	GlobalSection(SolutionConfigurationPlatforms) = preSolution
		Debug|iPhoneSimulator = Debug|iPhoneSimulator
		Release|iPhoneSimulator = Release|iPhoneSimulator
		Debug|iPhone = Debug|iPhone
		Release|iPhone = Release|iPhone
		Ad-Hoc|iPhone = Ad-Hoc|iPhone
		AppStore|iPhone = AppStore|iPhone
		Debug|Any CPU = Debug|Any CPU
		Release|Any CPU = Release|Any CPU
	EndGlobalSection
	GlobalSection(ProjectConfigurationPlatforms) = postSolution
		{9B043DAA-8488-439F-A69E-BF26E01035B6}.Debug|iPhoneSimulator.ActiveCfg = Debug|iPhoneSimulator
		{9B043DAA-8488-439F-A69E-BF26E01035B6}.Debug|iPhoneSimulator.Build.0 = Debug|iPhoneSimulator
		{9B043DAA-8488-439F-A69E-BF26E01035B6}.Release|iPhoneSimulator.ActiveCfg = Release|iPhoneSimulator
		{9B043DAA-8488-439F-A69E-BF26E01035B6}.Release|iPhoneSimulator.Build.0 = Release|iPhoneSimulator
		{9B043DAA-8488-439F-A69E-BF26E01035B6}.Debug|iPhone.ActiveCfg = Debug|iPhone
		{9B043DAA-8488-439F-A69E-BF26E01035B6}.Debug|iPhone.Build.0 = Debug|iPhone
		{9B043DAA-8488-439F-A69E-BF26E01035B6}.Release|iPhone.ActiveCfg = Release|iPhone
		{9B043DAA-8488-439F-A69E-BF26E01035B6}.Release|iPhone.Build.0 = Release|iPhone
		{9B043DAA-8488-439F-A69E-BF26E01035B6}.Ad-Hoc|iPhone.ActiveCfg = Ad-Hoc|iPhone
		{9B043DAA-8488-439F-A69E-BF26E01035B6}.Ad-Hoc|iPhone.Build.0 = Ad-Hoc|iPhone
		{9B043DAA-8488-439F-A69E-BF26E01035B6}.AppStore|iPhone.ActiveCfg = AppStore|iPhone
		{9B043DAA-8488-439F-A69E-BF26E01035B6}.AppStore|iPhone.Build.0 = AppStore|iPhone
		{9B043DAA-8488-439F-A69E-BF26E01035B6}.Debug|Any CPU.ActiveCfg = Debug|iPhoneSimulator
		{9B043DAA-8488-439F-A69E-BF26E01035B6}.Debug|Any CPU.Build.0 = Debug|iPhoneSimulator
		{9B043DAA-8488-439F-A69E-BF26E01035B6}.Release|Any CPU.ActiveCfg = Release|iPhoneSimulator
		{9B043DAA-8488-439F-A69E-BF26E01035B6}.Release|Any CPU.Build.0 = Release|iPhoneSimulator
		{8E139995-604C-43A2-8D73-3362E529A53F}.Debug|iPhoneSimulator.ActiveCfg = Debug|Any CPU
		{8E139995-604C-43A2-8D73-3362E529A53F}.Debug|iPhoneSimulator.Build.0 = Debug|Any CPU
		{8E139995-604C-43A2-8D73-3362E529A53F}.Release|iPhoneSimulator.ActiveCfg = Release|Any CPU
		{8E139995-604C-43A2-8D73-3362E529A53F}.Release|iPhoneSimulator.Build.0 = Release|Any CPU
		{8E139995-604C-43A2-8D73-3362E529A53F}.Debug|iPhone.ActiveCfg = Debug|Any CPU
		{8E139995-604C-43A2-8D73-3362E529A53F}.Debug|iPhone.Build.0 = Debug|Any CPU
		{8E139995-604C-43A2-8D73-3362E529A53F}.Release|iPhone.ActiveCfg = Release|Any CPU
		{8E139995-604C-43A2-8D73-3362E529A53F}.Release|iPhone.Build.0 = Release|Any CPU
		{8E139995-604C-43A2-8D73-3362E529A53F}.Ad-Hoc|iPhone.ActiveCfg = Release|Any CPU
		{8E139995-604C-43A2-8D73-3362E529A53F}.Ad-Hoc|iPhone.Build.0 = Release|Any CPU
		{8E139995-604C-43A2-8D73-3362E529A53F}.AppStore|iPhone.ActiveCfg = Release|Any CPU
		{8E139995-604C-43A2-8D73-3362E529A53F}.AppStore|iPhone.Build.0 = Release|Any CPU
		{8E139995-604C-43A2-8D73-3362E529A53F}.Debug|Any CPU.ActiveCfg = Debug|Any CPU
		{8E139995-604C-43A2-8D73-3362E529A53F}.Debug|Any CPU.Build.0 = Debug|Any CPU
		{8E139995-604C-43A2-8D73-3362E529A53F}.Release|Any CPU.ActiveCfg = Release|Any CPU
		{8E139995-604C-43A2-8D73-3362E529A53F}.Release|Any CPU.Build.0 = Release|Any CPU
		{A6374217-9F51-428C-A2DD-32FC3402EEE5}.Debug|iPhoneSimulator.ActiveCfg = Debug|iPhoneSimulator
		{A6374217-9F51-428C-A2DD-32FC3402EEE5}.Debug|iPhoneSimulator.Build.0 = Debug|iPhoneSimulator
		{A6374217-9F51-428C-A2DD-32FC3402EEE5}.Release|iPhoneSimulator.ActiveCfg = Release|iPhoneSimulator
		{A6374217-9F51-428C-A2DD-32FC3402EEE5}.Release|iPhoneSimulator.Build.0 = Release|iPhoneSimulator
		{A6374217-9F51-428C-A2DD-32FC3402EEE5}.Debug|iPhone.ActiveCfg = Debug|iPhoneSimulator
		{A6374217-9F51-428C-A2DD-32FC3402EEE5}.Debug|iPhone.Build.0 = Debug|iPhoneSimulator
		{A6374217-9F51-428C-A2DD-32FC3402EEE5}.Release|iPhone.ActiveCfg = Release|iPhoneSimulator
		{A6374217-9F51-428C-A2DD-32FC3402EEE5}.Release|iPhone.Build.0 = Release|iPhoneSimulator
		{A6374217-9F51-428C-A2DD-32FC3402EEE5}.Ad-Hoc|iPhone.ActiveCfg = Debug|iPhoneSimulator
		{A6374217-9F51-428C-A2DD-32FC3402EEE5}.Ad-Hoc|iPhone.Build.0 = Debug|iPhoneSimulator
		{A6374217-9F51-428C-A2DD-32FC3402EEE5}.AppStore|iPhone.ActiveCfg = Debug|iPhoneSimulator
		{A6374217-9F51-428C-A2DD-32FC3402EEE5}.AppStore|iPhone.Build.0 = Debug|iPhoneSimulator
		{A6374217-9F51-428C-A2DD-32FC3402EEE5}.Debug|Any CPU.ActiveCfg = Debug|iPhoneSimulator
		{A6374217-9F51-428C-A2DD-32FC3402EEE5}.Debug|Any CPU.Build.0 = Debug|iPhoneSimulator
		{A6374217-9F51-428C-A2DD-32FC3402EEE5}.Release|Any CPU.ActiveCfg = Release|iPhoneSimulator
		{A6374217-9F51-428C-A2DD-32FC3402EEE5}.Release|Any CPU.Build.0 = Release|iPhoneSimulator
	EndGlobalSection
EndGlobal
